// !$*UTF8*$!
{
	archiveVersion = 1;
	classes = {
	};
	objectVersion = 50;
	objects = {

/* Begin PBXBuildFile section */
		C0E4472026538FD100A5B089 /* RadioAppApp.swift in Sources */ = {isa = PBXBuildFile; fileRef = C0E4471F26538FD100A5B089 /* RadioAppApp.swift */; };
		C0E4472226538FD100A5B089 /* ContentView.swift in Sources */ = {isa = PBXBuildFile; fileRef = C0E4472126538FD100A5B089 /* ContentView.swift */; };
		C0E4472426538FD300A5B089 /* Assets.xcassets in Resources */ = {isa = PBXBuildFile; fileRef = C0E4472326538FD300A5B089 /* Assets.xcassets */; };
		C0E4472726538FD300A5B089 /* Preview Assets.xcassets in Resources */ = {isa = PBXBuildFile; fileRef = C0E4472626538FD300A5B089 /* Preview Assets.xcassets */; };
		C0E4473226538FD300A5B089 /* RadioAppTests.swift in Sources */ = {isa = PBXBuildFile; fileRef = C0E4473126538FD300A5B089 /* RadioAppTests.swift */; };
		C0E4473D26538FD300A5B089 /* RadioAppUITests.swift in Sources */ = {isa = PBXBuildFile; fileRef = C0E4473C26538FD300A5B089 /* RadioAppUITests.swift */; };
		C0E4474F265F280D00A5B089 /* TestUIView.swift in Sources */ = {isa = PBXBuildFile; fileRef = C0E4474E265F280D00A5B089 /* TestUIView.swift */; };
		C0E4475126607CE600A5B089 /* homePage.swift in Sources */ = {isa = PBXBuildFile; fileRef = C0E4475026607CE600A5B089 /* homePage.swift */; };
/* End PBXBuildFile section */

/* Begin PBXContainerItemProxy section */
		C0E4472E26538FD300A5B089 /* PBXContainerItemProxy */ = {
			isa = PBXContainerItemProxy;
			containerPortal = C0E4471426538FD100A5B089 /* Project object */;
			proxyType = 1;
			remoteGlobalIDString = C0E4471B26538FD100A5B089;
			remoteInfo = RadioApp;
		};
		C0E4473926538FD300A5B089 /* PBXContainerItemProxy */ = {
			isa = PBXContainerItemProxy;
			containerPortal = C0E4471426538FD100A5B089 /* Project object */;
			proxyType = 1;
			remoteGlobalIDString = C0E4471B26538FD100A5B089;
			remoteInfo = RadioApp;
		};
/* End PBXContainerItemProxy section */

/* Begin PBXFileReference section */
		C0E4471C26538FD100A5B089 /* RadioApp.app */ = {isa = PBXFileReference; explicitFileType = wrapper.application; includeInIndex = 0; path = RadioApp.app; sourceTree = BUILT_PRODUCTS_DIR; };
		C0E4471F26538FD100A5B089 /* RadioAppApp.swift */ = {isa = PBXFileReference; lastKnownFileType = sourcecode.swift; path = RadioAppApp.swift; sourceTree = "<group>"; };
		C0E4472126538FD100A5B089 /* ContentView.swift */ = {isa = PBXFileReference; lastKnownFileType = sourcecode.swift; path = ContentView.swift; sourceTree = "<group>"; };
		C0E4472326538FD300A5B089 /* Assets.xcassets */ = {isa = PBXFileReference; lastKnownFileType = folder.assetcatalog; path = Assets.xcassets; sourceTree = "<group>"; };
		C0E4472626538FD300A5B089 /* Preview Assets.xcassets */ = {isa = PBXFileReference; lastKnownFileType = folder.assetcatalog; path = "Preview Assets.xcassets"; sourceTree = "<group>"; };
		C0E4472826538FD300A5B089 /* Info.plist */ = {isa = PBXFileReference; lastKnownFileType = text.plist.xml; path = Info.plist; sourceTree = "<group>"; };
		C0E4472D26538FD300A5B089 /* RadioAppTests.xctest */ = {isa = PBXFileReference; explicitFileType = wrapper.cfbundle; includeInIndex = 0; path = RadioAppTests.xctest; sourceTree = BUILT_PRODUCTS_DIR; };
		C0E4473126538FD300A5B089 /* RadioAppTests.swift */ = {isa = PBXFileReference; lastKnownFileType = sourcecode.swift; path = RadioAppTests.swift; sourceTree = "<group>"; };
		C0E4473326538FD300A5B089 /* Info.plist */ = {isa = PBXFileReference; lastKnownFileType = text.plist.xml; path = Info.plist; sourceTree = "<group>"; };
		C0E4473826538FD300A5B089 /* RadioAppUITests.xctest */ = {isa = PBXFileReference; explicitFileType = wrapper.cfbundle; includeInIndex = 0; path = RadioAppUITests.xctest; sourceTree = BUILT_PRODUCTS_DIR; };
		C0E4473C26538FD300A5B089 /* RadioAppUITests.swift */ = {isa = PBXFileReference; lastKnownFileType = sourcecode.swift; path = RadioAppUITests.swift; sourceTree = "<group>"; };
		C0E4473E26538FD300A5B089 /* Info.plist */ = {isa = PBXFileReference; lastKnownFileType = text.plist.xml; path = Info.plist; sourceTree = "<group>"; };
		C0E4474E265F280D00A5B089 /* TestUIView.swift */ = {isa = PBXFileReference; lastKnownFileType = sourcecode.swift; path = TestUIView.swift; sourceTree = "<group>"; };
		C0E4475026607CE600A5B089 /* homePage.swift */ = {isa = PBXFileReference; lastKnownFileType = sourcecode.swift; path = homePage.swift; sourceTree = "<group>"; };
/* End PBXFileReference section */

/* Begin PBXFrameworksBuildPhase section */
		C0E4471926538FD100A5B089 /* Frameworks */ = {
			isa = PBXFrameworksBuildPhase;
			buildActionMask = 2147483647;
			files = (
			);
			runOnlyForDeploymentPostprocessing = 0;
		};
		C0E4472A26538FD300A5B089 /* Frameworks */ = {
			isa = PBXFrameworksBuildPhase;
			buildActionMask = 2147483647;
			files = (
			);
			runOnlyForDeploymentPostprocessing = 0;
		};
		C0E4473526538FD300A5B089 /* Frameworks */ = {
			isa = PBXFrameworksBuildPhase;
			buildActionMask = 2147483647;
			files = (
			);
			runOnlyForDeploymentPostprocessing = 0;
		};
/* End PBXFrameworksBuildPhase section */

/* Begin PBXGroup section */
		C0E4471326538FD100A5B089 = {
			isa = PBXGroup;
			children = (
				C0E4471E26538FD100A5B089 /* RadioApp */,
				C0E4473026538FD300A5B089 /* RadioAppTests */,
				C0E4473B26538FD300A5B089 /* RadioAppUITests */,
				C0E4471D26538FD100A5B089 /* Products */,
			);
			sourceTree = "<group>";
		};
		C0E4471D26538FD100A5B089 /* Products */ = {
			isa = PBXGroup;
			children = (
				C0E4471C26538FD100A5B089 /* RadioApp.app */,
				C0E4472D26538FD300A5B089 /* RadioAppTests.xctest */,
				C0E4473826538FD300A5B089 /* RadioAppUITests.xctest */,
			);
			name = Products;
			sourceTree = "<group>";
		};
		C0E4471E26538FD100A5B089 /* RadioApp */ = {
			isa = PBXGroup;
			children = (
				C0E4471F26538FD100A5B089 /* RadioAppApp.swift */,
				C0E4472126538FD100A5B089 /* ContentView.swift */,
				C0E4475026607CE600A5B089 /* homePage.swift */,
				C0E4474E265F280D00A5B089 /* TestUIView.swift */,
				C0E4472326538FD300A5B089 /* Assets.xcassets */,
				C0E4472826538FD300A5B089 /* Info.plist */,
				C0E4472526538FD300A5B089 /* Preview Content */,
			);
			path = RadioApp;
			sourceTree = "<group>";
		};
		C0E4472526538FD300A5B089 /* Preview Content */ = {
			isa = PBXGroup;
			children = (
				C0E4472626538FD300A5B089 /* Preview Assets.xcassets */,
			);
			path = "Preview Content";
			sourceTree = "<group>";
		};
		C0E4473026538FD300A5B089 /* RadioAppTests */ = {
			isa = PBXGroup;
			children = (
				C0E4473126538FD300A5B089 /* RadioAppTests.swift */,
				C0E4473326538FD300A5B089 /* Info.plist */,
			);
			path = RadioAppTests;
			sourceTree = "<group>";
		};
		C0E4473B26538FD300A5B089 /* RadioAppUITests */ = {
			isa = PBXGroup;
			children = (
				C0E4473C26538FD300A5B089 /* RadioAppUITests.swift */,
				C0E4473E26538FD300A5B089 /* Info.plist */,
			);
			path = RadioAppUITests;
			sourceTree = "<group>";
		};
/* End PBXGroup section */

/* Begin PBXNativeTarget section */
		C0E4471B26538FD100A5B089 /* RadioApp */ = {
			isa = PBXNativeTarget;
			buildConfigurationList = C0E4474126538FD300A5B089 /* Build configuration list for PBXNativeTarget "RadioApp" */;
			buildPhases = (
				C0E4471826538FD100A5B089 /* Sources */,
				C0E4471926538FD100A5B089 /* Frameworks */,
				C0E4471A26538FD100A5B089 /* Resources */,
			);
			buildRules = (
			);
			dependencies = (
			);
			name = RadioApp;
			productName = RadioApp;
			productReference = C0E4471C26538FD100A5B089 /* RadioApp.app */;
			productType = "com.apple.product-type.application";
		};
		C0E4472C26538FD300A5B089 /* RadioAppTests */ = {
			isa = PBXNativeTarget;
			buildConfigurationList = C0E4474426538FD300A5B089 /* Build configuration list for PBXNativeTarget "RadioAppTests" */;
			buildPhases = (
				C0E4472926538FD300A5B089 /* Sources */,
				C0E4472A26538FD300A5B089 /* Frameworks */,
				C0E4472B26538FD300A5B089 /* Resources */,
			);
			buildRules = (
			);
			dependencies = (
				C0E4472F26538FD300A5B089 /* PBXTargetDependency */,
			);
			name = RadioAppTests;
			productName = RadioAppTests;
			productReference = C0E4472D26538FD300A5B089 /* RadioAppTests.xctest */;
			productType = "com.apple.product-type.bundle.unit-test";
		};
		C0E4473726538FD300A5B089 /* RadioAppUITests */ = {
			isa = PBXNativeTarget;
			buildConfigurationList = C0E4474726538FD300A5B089 /* Build configuration list for PBXNativeTarget "RadioAppUITests" */;
			buildPhases = (
				C0E4473426538FD300A5B089 /* Sources */,
				C0E4473526538FD300A5B089 /* Frameworks */,
				C0E4473626538FD300A5B089 /* Resources */,
			);
			buildRules = (
			);
			dependencies = (
				C0E4473A26538FD300A5B089 /* PBXTargetDependency */,
			);
			name = RadioAppUITests;
			productName = RadioAppUITests;
			productReference = C0E4473826538FD300A5B089 /* RadioAppUITests.xctest */;
			productType = "com.apple.product-type.bundle.ui-testing";
		};
/* End PBXNativeTarget section */

/* Begin PBXProject section */
		C0E4471426538FD100A5B089 /* Project object */ = {
			isa = PBXProject;
			attributes = {
				LastSwiftUpdateCheck = 1250;
				LastUpgradeCheck = 1250;
				TargetAttributes = {
					C0E4471B26538FD100A5B089 = {
						CreatedOnToolsVersion = 12.5;
					};
					C0E4472C26538FD300A5B089 = {
						CreatedOnToolsVersion = 12.5;
						TestTargetID = C0E4471B26538FD100A5B089;
					};
					C0E4473726538FD300A5B089 = {
						CreatedOnToolsVersion = 12.5;
						TestTargetID = C0E4471B26538FD100A5B089;
					};
				};
			};
			buildConfigurationList = C0E4471726538FD100A5B089 /* Build configuration list for PBXProject "RadioApp" */;
			compatibilityVersion = "Xcode 9.3";
			developmentRegion = en;
			hasScannedForEncodings = 0;
			knownRegions = (
				en,
				Base,
			);
			mainGroup = C0E4471326538FD100A5B089;
			productRefGroup = C0E4471D26538FD100A5B089 /* Products */;
			projectDirPath = "";
			projectRoot = "";
			targets = (
				C0E4471B26538FD100A5B089 /* RadioApp */,
				C0E4472C26538FD300A5B089 /* RadioAppTests */,
				C0E4473726538FD300A5B089 /* RadioAppUITests */,
			);
		};
/* End PBXProject section */

/* Begin PBXResourcesBuildPhase section */
		C0E4471A26538FD100A5B089 /* Resources */ = {
			isa = PBXResourcesBuildPhase;
			buildActionMask = 2147483647;
			files = (
				C0E4472726538FD300A5B089 /* Preview Assets.xcassets in Resources */,
				C0E4472426538FD300A5B089 /* Assets.xcassets in Resources */,
			);
			runOnlyForDeploymentPostprocessing = 0;
		};
		C0E4472B26538FD300A5B089 /* Resources */ = {
			isa = PBXResourcesBuildPhase;
			buildActionMask = 2147483647;
			files = (
			);
			runOnlyForDeploymentPostprocessing = 0;
		};
		C0E4473626538FD300A5B089 /* Resources */ = {
			isa = PBXResourcesBuildPhase;
			buildActionMask = 2147483647;
			files = (
			);
			runOnlyForDeploymentPostprocessing = 0;
		};
/* End PBXResourcesBuildPhase section */

/* Begin PBXSourcesBuildPhase section */
		C0E4471826538FD100A5B089 /* Sources */ = {
			isa = PBXSourcesBuildPhase;
			buildActionMask = 2147483647;
			files = (
				C0E4474F265F280D00A5B089 /* TestUIView.swift in Sources */,
				C0E4472226538FD100A5B089 /* ContentView.swift in Sources */,
				C0E4472026538FD100A5B089 /* RadioAppApp.swift in Sources */,
				C0E4475126607CE600A5B089 /* homePage.swift in Sources */,
			);
			runOnlyForDeploymentPostprocessing = 0;
		};
		C0E4472926538FD300A5B089 /* Sources */ = {
			isa = PBXSourcesBuildPhase;
			buildActionMask = 2147483647;
			files = (
				C0E4473226538FD300A5B089 /* RadioAppTests.swift in Sources */,
			);
			runOnlyForDeploymentPostprocessing = 0;
		};
		C0E4473426538FD300A5B089 /* Sources */ = {
			isa = PBXSourcesBuildPhase;
			buildActionMask = 2147483647;
			files = (
				C0E4473D26538FD300A5B089 /* RadioAppUITests.swift in Sources */,
			);
			runOnlyForDeploymentPostprocessing = 0;
		};
/* End PBXSourcesBuildPhase section */

/* Begin PBXTargetDependency section */
		C0E4472F26538FD300A5B089 /* PBXTargetDependency */ = {
			isa = PBXTargetDependency;
			target = C0E4471B26538FD100A5B089 /* RadioApp */;
			targetProxy = C0E4472E26538FD300A5B089 /* PBXContainerItemProxy */;
		};
		C0E4473A26538FD300A5B089 /* PBXTargetDependency */ = {
			isa = PBXTargetDependency;
			target = C0E4471B26538FD100A5B089 /* RadioApp */;
			targetProxy = C0E4473926538FD300A5B089 /* PBXContainerItemProxy */;
		};
/* End PBXTargetDependency section */

/* Begin XCBuildConfiguration section */
		C0E4473F26538FD300A5B089 /* Debug */ = {
			isa = XCBuildConfiguration;
			buildSettings = {
				ALWAYS_SEARCH_USER_PATHS = NO;
				CLANG_ANALYZER_NONNULL = YES;
				CLANG_ANALYZER_NUMBER_OBJECT_CONVERSION = YES_AGGRESSIVE;
				CLANG_CXX_LANGUAGE_STANDARD = "gnu++14";
				CLANG_CXX_LIBRARY = "libc++";
				CLANG_ENABLE_MODULES = YES;
				CLANG_ENABLE_OBJC_ARC = YES;
				CLANG_ENABLE_OBJC_WEAK = YES;
				CLANG_WARN_BLOCK_CAPTURE_AUTORELEASING = YES;
				CLANG_WARN_BOOL_CONVERSION = YES;
				CLANG_WARN_COMMA = YES;
				CLANG_WARN_CONSTANT_CONVERSION = YES;
				CLANG_WARN_DEPRECATED_OBJC_IMPLEMENTATIONS = YES;
				CLANG_WARN_DIRECT_OBJC_ISA_USAGE = YES_ERROR;
				CLANG_WARN_DOCUMENTATION_COMMENTS = YES;
				CLANG_WARN_EMPTY_BODY = YES;
				CLANG_WARN_ENUM_CONVERSION = YES;
				CLANG_WARN_INFINITE_RECURSION = YES;
				CLANG_WARN_INT_CONVERSION = YES;
				CLANG_WARN_NON_LITERAL_NULL_CONVERSION = YES;
				CLANG_WARN_OBJC_IMPLICIT_RETAIN_SELF = YES;
				CLANG_WARN_OBJC_LITERAL_CONVERSION = YES;
				CLANG_WARN_OBJC_ROOT_CLASS = YES_ERROR;
				CLANG_WARN_QUOTED_INCLUDE_IN_FRAMEWORK_HEADER = YES;
				CLANG_WARN_RANGE_LOOP_ANALYSIS = YES;
				CLANG_WARN_STRICT_PROTOTYPES = YES;
				CLANG_WARN_SUSPICIOUS_MOVE = YES;
				CLANG_WARN_UNGUARDED_AVAILABILITY = YES_AGGRESSIVE;
				CLANG_WARN_UNREACHABLE_CODE = YES;
				CLANG_WARN__DUPLICATE_METHOD_MATCH = YES;
				COPY_PHASE_STRIP = NO;
				DEBUG_INFORMATION_FORMAT = dwarf;
				ENABLE_STRICT_OBJC_MSGSEND = YES;
				ENABLE_TESTABILITY = YES;
				GCC_C_LANGUAGE_STANDARD = gnu11;
				GCC_DYNAMIC_NO_PIC = NO;
				GCC_NO_COMMON_BLOCKS = YES;
				GCC_OPTIMIZATION_LEVEL = 0;
				GCC_PREPROCESSOR_DEFINITIONS = (
					"DEBUG=1",
					"$(inherited)",
				);
				GCC_WARN_64_TO_32_BIT_CONVERSION = YES;
				GCC_WARN_ABOUT_RETURN_TYPE = YES_ERROR;
				GCC_WARN_UNDECLARED_SELECTOR = YES;
				GCC_WARN_UNINITIALIZED_AUTOS = YES_AGGRESSIVE;
				GCC_WARN_UNUSED_FUNCTION = YES;
				GCC_WARN_UNUSED_VARIABLE = YES;
				IPHONEOS_DEPLOYMENT_TARGET = 14.5;
				MTL_ENABLE_DEBUG_INFO = INCLUDE_SOURCE;
				MTL_FAST_MATH = YES;
				ONLY_ACTIVE_ARCH = YES;
				SDKROOT = iphoneos;
				SWIFT_ACTIVE_COMPILATION_CONDITIONS = DEBUG;
				SWIFT_OPTIMIZATION_LEVEL = "-Onone";
			};
			name = Debug;
		};
		C0E4474026538FD300A5B089 /* Release */ = {
			isa = XCBuildConfiguration;
			buildSettings = {
				ALWAYS_SEARCH_USER_PATHS = NO;
				CLANG_ANALYZER_NONNULL = YES;
				CLANG_ANALYZER_NUMBER_OBJECT_CONVERSION = YES_AGGRESSIVE;
				CLANG_CXX_LANGUAGE_STANDARD = "gnu++14";
				CLANG_CXX_LIBRARY = "libc++";
				CLANG_ENABLE_MODULES = YES;
				CLANG_ENABLE_OBJC_ARC = YES;
				CLANG_ENABLE_OBJC_WEAK = YES;
				CLANG_WARN_BLOCK_CAPTURE_AUTORELEASING = YES;
				CLANG_WARN_BOOL_CONVERSION = YES;
				CLANG_WARN_COMMA = YES;
				CLANG_WARN_CONSTANT_CONVERSION = YES;
				CLANG_WARN_DEPRECATED_OBJC_IMPLEMENTATIONS = YES;
				CLANG_WARN_DIRECT_OBJC_ISA_USAGE = YES_ERROR;
				CLANG_WARN_DOCUMENTATION_COMMENTS = YES;
				CLANG_WARN_EMPTY_BODY = YES;
				CLANG_WARN_ENUM_CONVERSION = YES;
				CLANG_WARN_INFINITE_RECURSION = YES;
				CLANG_WARN_INT_CONVERSION = YES;
				CLANG_WARN_NON_LITERAL_NULL_CONVERSION = YES;
				CLANG_WARN_OBJC_IMPLICIT_RETAIN_SELF = YES;
				CLANG_WARN_OBJC_LITERAL_CONVERSION = YES;
				CLANG_WARN_OBJC_ROOT_CLASS = YES_ERROR;
				CLANG_WARN_QUOTED_INCLUDE_IN_FRAMEWORK_HEADER = YES;
				CLANG_WARN_RANGE_LOOP_ANALYSIS = YES;
				CLANG_WARN_STRICT_PROTOTYPES = YES;
				CLANG_WARN_SUSPICIOUS_MOVE = YES;
				CLANG_WARN_UNGUARDED_AVAILABILITY = YES_AGGRESSIVE;
				CLANG_WARN_UNREACHABLE_CODE = YES;
				CLANG_WARN__DUPLICATE_METHOD_MATCH = YES;
				COPY_PHASE_STRIP = NO;
				DEBUG_INFORMATION_FORMAT = "dwarf-with-dsym";
				ENABLE_NS_ASSERTIONS = NO;
				ENABLE_STRICT_OBJC_MSGSEND = YES;
				GCC_C_LANGUAGE_STANDARD = gnu11;
				GCC_NO_COMMON_BLOCKS = YES;
				GCC_WARN_64_TO_32_BIT_CONVERSION = YES;
				GCC_WARN_ABOUT_RETURN_TYPE = YES_ERROR;
				GCC_WARN_UNDECLARED_SELECTOR = YES;
				GCC_WARN_UNINITIALIZED_AUTOS = YES_AGGRESSIVE;
				GCC_WARN_UNUSED_FUNCTION = YES;
				GCC_WARN_UNUSED_VARIABLE = YES;
				IPHONEOS_DEPLOYMENT_TARGET = 14.5;
				MTL_ENABLE_DEBUG_INFO = NO;
				MTL_FAST_MATH = YES;
				SDKROOT = iphoneos;
				SWIFT_COMPILATION_MODE = wholemodule;
				SWIFT_OPTIMIZATION_LEVEL = "-O";
				VALIDATE_PRODUCT = YES;
			};
			name = Release;
		};
		C0E4474226538FD300A5B089 /* Debug */ = {
			isa = XCBuildConfiguration;
			buildSettings = {
				ASSETCATALOG_COMPILER_APPICON_NAME = AppIcon;
				ASSETCATALOG_COMPILER_GLOBAL_ACCENT_COLOR_NAME = AccentColor;
				CODE_SIGN_STYLE = Automatic;
				DEVELOPMENT_ASSET_PATHS = "\"RadioApp/Preview Content\"";
				ENABLE_PREVIEWS = YES;
				INFOPLIST_FILE = RadioApp/Info.plist;
				IPHONEOS_DEPLOYMENT_TARGET = 14.0;
				LD_RUNPATH_SEARCH_PATHS = (
					"$(inherited)",
					"@executable_path/Frameworks",
				);
				PRODUCT_BUNDLE_IDENTIFIER = millionDollar.RadioApp;
				PRODUCT_NAME = "$(TARGET_NAME)";
				SWIFT_VERSION = 5.0;
				TARGETED_DEVICE_FAMILY = "1,2";
			};
			name = Debug;
		};
		C0E4474326538FD300A5B089 /* Release */ = {
			isa = XCBuildConfiguration;
			buildSettings = {
				ASSETCATALOG_COMPILER_APPICON_NAME = AppIcon;
				ASSETCATALOG_COMPILER_GLOBAL_ACCENT_COLOR_NAME = AccentColor;
				CODE_SIGN_STYLE = Automatic;
				DEVELOPMENT_ASSET_PATHS = "\"RadioApp/Preview Content\"";
				ENABLE_PREVIEWS = YES;
				INFOPLIST_FILE = RadioApp/Info.plist;
				IPHONEOS_DEPLOYMENT_TARGET = 14.0;
				LD_RUNPATH_SEARCH_PATHS = (
					"$(inherited)",
					"@executable_path/Frameworks",
				);
				PRODUCT_BUNDLE_IDENTIFIER = millionDollar.RadioApp;
				PRODUCT_NAME = "$(TARGET_NAME)";
				SWIFT_VERSION = 5.0;
				TARGETED_DEVICE_FAMILY = "1,2";
			};
			name = Release;
		};
		C0E4474526538FD300A5B089 /* Debug */ = {
			isa = XCBuildConfiguration;
			buildSettings = {
				ALWAYS_EMBED_SWIFT_STANDARD_LIBRARIES = YES;
				BUNDLE_LOADER = "$(TEST_HOST)";
				CODE_SIGN_STYLE = Automatic;
				INFOPLIST_FILE = RadioAppTests/Info.plist;
				IPHONEOS_DEPLOYMENT_TARGET = 14.0;
				LD_RUNPATH_SEARCH_PATHS = (
					"$(inherited)",
					"@executable_path/Frameworks",
					"@loader_path/Frameworks",
				);
				PRODUCT_BUNDLE_IDENTIFIER = millionDollar.RadioAppTests;
				PRODUCT_NAME = "$(TARGET_NAME)";
				SWIFT_VERSION = 5.0;
				TARGETED_DEVICE_FAMILY = "1,2";
				TEST_HOST = "$(BUILT_PRODUCTS_DIR)/RadioApp.app/RadioApp";
			};
			name = Debug;
		};
		C0E4474626538FD300A5B089 /* Release */ = {
			isa = XCBuildConfiguration;
			buildSettings = {
				ALWAYS_EMBED_SWIFT_STANDARD_LIBRARIES = YES;
				BUNDLE_LOADER = "$(TEST_HOST)";
				CODE_SIGN_STYLE = Automatic;
				INFOPLIST_FILE = RadioAppTests/Info.plist;
				IPHONEOS_DEPLOYMENT_TARGET = 14.0;
				LD_RUNPATH_SEARCH_PATHS = (
					"$(inherited)",
					"@executable_path/Frameworks",
					"@loader_path/Frameworks",
				);
				PRODUCT_BUNDLE_IDENTIFIER = millionDollar.RadioAppTests;
				PRODUCT_NAME = "$(TARGET_NAME)";
				SWIFT_VERSION = 5.0;
				TARGETED_DEVICE_FAMILY = "1,2";
				TEST_HOST = "$(BUILT_PRODUCTS_DIR)/RadioApp.app/RadioApp";
			};
			name = Release;
		};
		C0E4474826538FD300A5B089 /* Debug */ = {
			isa = XCBuildConfiguration;
			buildSettings = {
				ALWAYS_EMBED_SWIFT_STANDARD_LIBRARIES = YES;
				CODE_SIGN_STYLE = Automatic;
				INFOPLIST_FILE = RadioAppUITests/Info.plist;
				LD_RUNPATH_SEARCH_PATHS = (
					"$(inherited)",
					"@executable_path/Frameworks",
					"@loader_path/Frameworks",
				);
				PRODUCT_BUNDLE_IDENTIFIER = millionDollar.RadioAppUITests;
				PRODUCT_NAME = "$(TARGET_NAME)";
				SWIFT_VERSION = 5.0;
				TARGETED_DEVICE_FAMILY = "1,2";
				TEST_TARGET_NAME = RadioApp;
			};
			name = Debug;
		};
		C0E4474926538FD300A5B089 /* Release */ = {
			isa = XCBuildConfiguration;
			buildSettings = {
				ALWAYS_EMBED_SWIFT_STANDARD_LIBRARIES = YES;
				CODE_SIGN_STYLE = Automatic;
				INFOPLIST_FILE = RadioAppUITests/Info.plist;
				LD_RUNPATH_SEARCH_PATHS = (
					"$(inherited)",
					"@executable_path/Frameworks",
					"@loader_path/Frameworks",
				);
				PRODUCT_BUNDLE_IDENTIFIER = millionDollar.RadioAppUITests;
				PRODUCT_NAME = "$(TARGET_NAME)";
				SWIFT_VERSION = 5.0;
				TARGETED_DEVICE_FAMILY = "1,2";
				TEST_TARGET_NAME = RadioApp;
			};
			name = Release;
		};
/* End XCBuildConfiguration section */

/* Begin XCConfigurationList section */
		C0E4471726538FD100A5B089 /* Build configuration list for PBXProject "RadioApp" */ = {
			isa = XCConfigurationList;
			buildConfigurations = (
				C0E4473F26538FD300A5B089 /* Debug */,
				C0E4474026538FD300A5B089 /* Release */,
			);
			defaultConfigurationIsVisible = 0;
			defaultConfigurationName = Release;
		};
		C0E4474126538FD300A5B089 /* Build configuration list for PBXNativeTarget "RadioApp" */ = {
			isa = XCConfigurationList;
			buildConfigurations = (
				C0E4474226538FD300A5B089 /* Debug */,
				C0E4474326538FD300A5B089 /* Release */,
			);
			defaultConfigurationIsVisible = 0;
			defaultConfigurationName = Release;
		};
		C0E4474426538FD300A5B089 /* Build configuration list for PBXNativeTarget "RadioAppTests" */ = {
			isa = XCConfigurationList;
			buildConfigurations = (
				C0E4474526538FD300A5B089 /* Debug */,
				C0E4474626538FD300A5B089 /* Release */,
			);
			defaultConfigurationIsVisible = 0;
			defaultConfigurationName = Release;
		};
		C0E4474726538FD300A5B089 /* Build configuration list for PBXNativeTarget "RadioAppUITests" */ = {
			isa = XCConfigurationList;
			buildConfigurations = (
				C0E4474826538FD300A5B089 /* Debug */,
				C0E4474926538FD300A5B089 /* Release */,
			);
			defaultConfigurationIsVisible = 0;
			defaultConfigurationName = Release;
		};
/* End XCConfigurationList section */
	};
	rootObject = C0E4471426538FD100A5B089 /* Project object */;
}
